
Microsoft Visual Studio Solution File, Format Version 12.00
# Visual Studio Version 17
VisualStudioVersion = 17.8.34316.72
MinimumVisualStudioVersion = 10.0.40219.1
Project("{FAE04EC0-301F-11D3-BF4B-00C04F79EFBC}") = "NitinWebNewApp", "NitinWebNewApp.csproj", "{D3791EB5-E198-46EE-9C28-E66C0999E32D}"
EndProject
Global
	GlobalSection(SolutionConfigurationPlatforms) = preSolution
		Debug|Any CPU = Debug|Any CPU
		Release|Any CPU = Release|Any CPU
	EndGlobalSection
	GlobalSection(ProjectConfigurationPlatforms) = postSolution
		{D3791EB5-E198-46EE-9C28-E66C0999E32D}.Debug|Any CPU.ActiveCfg = Debug|Any CPU
		{D3791EB5-E198-46EE-9C28-E66C0999E32D}.Debug|Any CPU.Build.0 = Debug|Any CPU
		{D3791EB5-E198-46EE-9C28-E66C0999E32D}.Release|Any CPU.ActiveCfg = Release|Any CPU
		{D3791EB5-E198-46EE-9C28-E66C0999E32D}.Release|Any CPU.Build.0 = Release|Any CPU
	EndGlobalSection
	GlobalSection(SolutionProperties) = preSolution
		HideSolutionNode = FALSE
	EndGlobalSection
	GlobalSection(ExtensibilityGlobals) = postSolution
		SolutionGuid = {C2A3218A-92ED-475F-A51D-71A8C70FCB7A}
	EndGlobalSection
EndGlobal
